// !$*UTF8*$!
{
	archiveVersion = 1;
	classes = {
	};
	objectVersion = 56;
	objects = {

/* Begin PBXBuildFile section */
		111111111111111111111101 /* GateLANApp.swift in Sources */ = {isa = PBXBuildFile; fileRef = 111111111111111111111001 /* GateLANApp.swift */; };
		111111111111111111111102 /* ContentView.swift in Sources */ = {isa = PBXBuildFile; fileRef = 111111111111111111111002 /* ContentView.swift */; };
		111111111111111111111103 /* DeviceModels.swift in Sources */ = {isa = PBXBuildFile; fileRef = 111111111111111111111003 /* DeviceModels.swift */; };
		111111111111111111111104 /* DeviceStore.swift in Sources */ = {isa = PBXBuildFile; fileRef = 111111111111111111111004 /* DeviceStore.swift */; };
		111111111111111111111105 /* KeychainStore.swift in Sources */ = {isa = PBXBuildFile; fileRef = 111111111111111111111005 /* KeychainStore.swift */; };
		111111111111111111111106 /* DiscoveryService.swift in Sources */ = {isa = PBXBuildFile; fileRef = 111111111111111111111006 /* DiscoveryService.swift */; };
		111111111111111111111107 /* ConnectivityChecker.swift in Sources */ = {isa = PBXBuildFile; fileRef = 111111111111111111111007 /* ConnectivityChecker.swift */; };
		111111111111111111111108 /* WebAdminView.swift in Sources */ = {isa = PBXBuildFile; fileRef = 111111111111111111111008 /* WebAdminView.swift */; };
		111111111111111111111109 /* DeviceEditorView.swift in Sources */ = {isa = PBXBuildFile; fileRef = 111111111111111111111009 /* DeviceEditorView.swift */; };
		111111111111111111111110 /* BrandCatalog.swift in Sources */ = {isa = PBXBuildFile; fileRef = 111111111111111111111010 /* BrandCatalog.swift */; };
		111111111111111111111111 /* LocalNetworkPermissionProbe.swift in Sources */ = {isa = PBXBuildFile; fileRef = 111111111111111111111012 /* LocalNetworkPermissionProbe.swift */; };
/* End PBXBuildFile section */

/* Begin PBXFileReference section */
		111111111111111111111000 /* GateLAN.app */ = {isa = PBXFileReference; explicitFileType = wrapper.application; includeInIndex = 0; path = GateLAN.app; sourceTree = BUILT_PRODUCTS_DIR; };
		111111111111111111111001 /* GateLANApp.swift */ = {isa = PBXFileReference; lastKnownFileType = sourcecode.swift; path = GateLANApp.swift; sourceTree = "<group>"; };
		111111111111111111111002 /* ContentView.swift */ = {isa = PBXFileReference; lastKnownFileType = sourcecode.swift; path = ContentView.swift; sourceTree = "<group>"; };
		111111111111111111111003 /* DeviceModels.swift */ = {isa = PBXFileReference; lastKnownFileType = sourcecode.swift; path = DeviceModels.swift; sourceTree = "<group>"; };
		111111111111111111111004 /* DeviceStore.swift */ = {isa = PBXFileReference; lastKnownFileType = sourcecode.swift; path = DeviceStore.swift; sourceTree = "<group>"; };
		111111111111111111111005 /* KeychainStore.swift */ = {isa = PBXFileReference; lastKnownFileType = sourcecode.swift; path = KeychainStore.swift; sourceTree = "<group>"; };
		111111111111111111111006 /* DiscoveryService.swift */ = {isa = PBXFileReference; lastKnownFileType = sourcecode.swift; path = DiscoveryService.swift; sourceTree = "<group>"; };
		111111111111111111111007 /* ConnectivityChecker.swift */ = {isa = PBXFileReference; lastKnownFileType = sourcecode.swift; path = ConnectivityChecker.swift; sourceTree = "<group>"; };
		111111111111111111111008 /* WebAdminView.swift */ = {isa = PBXFileReference; lastKnownFileType = sourcecode.swift; path = WebAdminView.swift; sourceTree = "<group>"; };
		111111111111111111111009 /* DeviceEditorView.swift */ = {isa = PBXFileReference; lastKnownFileType = sourcecode.swift; path = DeviceEditorView.swift; sourceTree = "<group>"; };
		111111111111111111111010 /* BrandCatalog.swift */ = {isa = PBXFileReference; lastKnownFileType = sourcecode.swift; path = BrandCatalog.swift; sourceTree = "<group>"; };
		111111111111111111111011 /* Info.plist */ = {isa = PBXFileReference; lastKnownFileType = text.plist.xml; path = Info.plist; sourceTree = "<group>"; };
		111111111111111111111012 /* LocalNetworkPermissionProbe.swift */ = {isa = PBXFileReference; lastKnownFileType = sourcecode.swift; path = LocalNetworkPermissionProbe.swift; sourceTree = "<group>"; };
/* End PBXFileReference section */

/* Begin PBXFrameworksBuildPhase section */
		111111111111111111111201 /* Frameworks */ = {
			isa = PBXFrameworksBuildPhase;
			buildActionMask = 2147483647;
			files = (
			);
			runOnlyForDeploymentPostprocessing = 0;
		};
/* End PBXFrameworksBuildPhase section */

/* Begin PBXGroup section */
		111111111111111111111301 = {
			isa = PBXGroup;
			children = (
				111111111111111111111302 /* GateLAN */,
				111111111111111111111303 /* Products */,
			);
			sourceTree = "<group>";
		};
		111111111111111111111302 /* GateLAN */ = {
			isa = PBXGroup;
			children = (
				111111111111111111111001 /* GateLANApp.swift */,
				111111111111111111111002 /* ContentView.swift */,
				111111111111111111111009 /* DeviceEditorView.swift */,
				111111111111111111111008 /* WebAdminView.swift */,
				111111111111111111111003 /* DeviceModels.swift */,
				111111111111111111111010 /* BrandCatalog.swift */,
				111111111111111111111004 /* DeviceStore.swift */,
				111111111111111111111005 /* KeychainStore.swift */,
				111111111111111111111006 /* DiscoveryService.swift */,
				111111111111111111111007 /* ConnectivityChecker.swift */,
				111111111111111111111012 /* LocalNetworkPermissionProbe.swift */,
				111111111111111111111011 /* Info.plist */,
			);
			path = GateLAN;
			sourceTree = "<group>";
		};
		111111111111111111111303 /* Products */ = {
			isa = PBXGroup;
			children = (
				111111111111111111111000 /* GateLAN.app */,
			);
			name = Products;
			sourceTree = "<group>";
		};
/* End PBXGroup section */

/* Begin PBXNativeTarget section */
		111111111111111111111401 /* GateLAN */ = {
			isa = PBXNativeTarget;
			buildConfigurationList = 111111111111111111111701 /* Build configuration list for PBXNativeTarget "GateLAN" */;
			buildPhases = (
				111111111111111111111501 /* Sources */,
				111111111111111111111201 /* Frameworks */,
				111111111111111111111502 /* Resources */,
			);
			buildRules = (
			);
			dependencies = (
			);
			name = GateLAN;
			productName = GateLAN;
			productReference = 111111111111111111111000 /* GateLAN.app */;
			productType = "com.apple.product-type.application";
		};
/* End PBXNativeTarget section */

/* Begin PBXProject section */
		111111111111111111111601 /* Project object */ = {
			isa = PBXProject;
			attributes = {
				BuildIndependentTargetsInParallel = 1;
				LastSwiftUpdateCheck = 1540;
				LastUpgradeCheck = 1540;
				TargetAttributes = {
					111111111111111111111401 = {
						CreatedOnToolsVersion = 15.4;
					};
				};
			};
			buildConfigurationList = 111111111111111111111700 /* Build configuration list for PBXProject "GateLAN" */;
			compatibilityVersion = "Xcode 14.0";
			developmentRegion = en;
			hasScannedForEncodings = 0;
			knownRegions = (
				en,
				Base,
			);
			mainGroup = 111111111111111111111301;
			productRefGroup = 111111111111111111111303 /* Products */;
			projectDirPath = "";
			projectRoot = "";
			targets = (
				111111111111111111111401 /* GateLAN */,
			);
		};
/* End PBXProject section */

/* Begin PBXResourcesBuildPhase section */
		111111111111111111111502 /* Resources */ = {
			isa = PBXResourcesBuildPhase;
			buildActionMask = 2147483647;
			files = (
			);
			runOnlyForDeploymentPostprocessing = 0;
		};
/* End PBXResourcesBuildPhase section */

/* Begin PBXSourcesBuildPhase section */
		111111111111111111111501 /* Sources */ = {
			isa = PBXSourcesBuildPhase;
			buildActionMask = 2147483647;
			files = (
				111111111111111111111101 /* GateLANApp.swift in Sources */,
				111111111111111111111102 /* ContentView.swift in Sources */,
				111111111111111111111103 /* DeviceModels.swift in Sources */,
				111111111111111111111104 /* DeviceStore.swift in Sources */,
				111111111111111111111105 /* KeychainStore.swift in Sources */,
				111111111111111111111106 /* DiscoveryService.swift in Sources */,
				111111111111111111111107 /* ConnectivityChecker.swift in Sources */,
				111111111111111111111108 /* WebAdminView.swift in Sources */,
				111111111111111111111109 /* DeviceEditorView.swift in Sources */,
				111111111111111111111110 /* BrandCatalog.swift in Sources */,
				111111111111111111111111 /* LocalNetworkPermissionProbe.swift in Sources */,
			);
			runOnlyForDeploymentPostprocessing = 0;
		};
/* End PBXSourcesBuildPhase section */

/* Begin XCBuildConfiguration section */
		111111111111111111111801 /* Debug */ = {
			isa = XCBuildConfiguration;
			buildSettings = {
				ALWAYS_SEARCH_USER_PATHS = NO;
				CLANG_ANALYZER_NONNULL = YES;
				CLANG_ANALYZER_NUMBER_OBJECT_CONVERSION = YES_AGGRESSIVE;
				CLANG_CXX_LANGUAGE_STANDARD = "gnu++20";
				CLANG_ENABLE_MODULES = YES;
				CLANG_ENABLE_OBJC_ARC = YES;
				CLANG_ENABLE_OBJC_WEAK = YES;
				CLANG_WARN_BLOCK_CAPTURE_AUTORELEASING = YES;
				CLANG_WARN_BOOL_CONVERSION = YES;
				CLANG_WARN_COMMA = YES;
				CLANG_WARN_CONSTANT_CONVERSION = YES;
				CLANG_WARN_DEPRECATED_OBJC_IMPLEMENTATIONS = YES;
				CLANG_WARN_DIRECT_OBJC_ISA_USAGE = YES_ERROR;
				CLANG_WARN_DOCUMENTATION_COMMENTS = YES;
				CLANG_WARN_EMPTY_BODY = YES;
				CLANG_WARN_ENUM_CONVERSION = YES;
				CLANG_WARN_INFINITE_RECURSION = YES;
				CLANG_WARN_INT_CONVERSION = YES;
				CLANG_WARN_NON_LITERAL_NULL_CONVERSION = YES;
				CLANG_WARN_OBJC_IMPLICIT_RETAIN_SELF = YES;
				CLANG_WARN_OBJC_LITERAL_CONVERSION = YES;
				CLANG_WARN_OBJC_ROOT_CLASS = YES_ERROR;
				CLANG_WARN_QUOTED_INCLUDE_IN_FRAMEWORK_HEADER = YES;
				CLANG_WARN_RANGE_LOOP_ANALYSIS = YES;
				CLANG_WARN_STRICT_PROTOTYPES = YES;
				CLANG_WARN_SUSPICIOUS_MOVE = YES;
				CLANG_WARN_UNGUARDED_AVAILABILITY = YES_AGGRESSIVE;
				CLANG_WARN_UNREACHABLE_CODE = YES;
				CLANG_WARN__DUPLICATE_METHOD_MATCH = YES;
				COPY_PHASE_STRIP = NO;
				DEBUG_INFORMATION_FORMAT = dwarf;
				ENABLE_STRICT_OBJC_MSGSEND = YES;
				ENABLE_TESTABILITY = YES;
				ENABLE_USER_SCRIPT_SANDBOXING = YES;
				GCC_C_LANGUAGE_STANDARD = gnu17;
				GCC_DYNAMIC_NO_PIC = NO;
				GCC_NO_COMMON_BLOCKS = YES;
				GCC_OPTIMIZATION_LEVEL = 0;
				GCC_PREPROCESSOR_DEFINITIONS = (
					"DEBUG=1",
					"$(inherited)",
				);
				GCC_WARN_64_TO_32_BIT_CONVERSION = YES;
				GCC_WARN_ABOUT_RETURN_TYPE = YES_ERROR;
				GCC_WARN_UNDECLARED_SELECTOR = YES;
				GCC_WARN_UNINITIALIZED_AUTOS = YES_AGGRESSIVE;
				GCC_WARN_UNUSED_FUNCTION = YES;
				GCC_WARN_UNUSED_VARIABLE = YES;
				IPHONEOS_DEPLOYMENT_TARGET = 16.0;
				MTL_ENABLE_DEBUG_INFO = INCLUDE_SOURCE;
				MTL_FAST_MATH = YES;
				ONLY_ACTIVE_ARCH = YES;
				SDKROOT = iphoneos;
				SWIFT_ACTIVE_COMPILATION_CONDITIONS = DEBUG;
				SWIFT_OPTIMIZATION_LEVEL = "-Onone";
			};
			name = Debug;
		};
		111111111111111111111802 /* Release */ = {
			isa = XCBuildConfiguration;
			buildSettings = {
				ALWAYS_SEARCH_USER_PATHS = NO;
				CLANG_ANALYZER_NONNULL = YES;
				CLANG_ANALYZER_NUMBER_OBJECT_CONVERSION = YES_AGGRESSIVE;
				CLANG_CXX_LANGUAGE_STANDARD = "gnu++20";
				CLANG_ENABLE_MODULES = YES;
				CLANG_ENABLE_OBJC_ARC = YES;
				CLANG_ENABLE_OBJC_WEAK = YES;
				CLANG_WARN_BLOCK_CAPTURE_AUTORELEASING = YES;
				CLANG_WARN_BOOL_CONVERSION = YES;
				CLANG_WARN_COMMA = YES;
				CLANG_WARN_CONSTANT_CONVERSION = YES;
				CLANG_WARN_DEPRECATED_OBJC_IMPLEMENTATIONS = YES;
				CLANG_WARN_DIRECT_OBJC_ISA_USAGE = YES_ERROR;
				CLANG_WARN_DOCUMENTATION_COMMENTS = YES;
				CLANG_WARN_EMPTY_BODY = YES;
				CLANG_WARN_ENUM_CONVERSION = YES;
				CLANG_WARN_INFINITE_RECURSION = YES;
				CLANG_WARN_INT_CONVERSION = YES;
				CLANG_WARN_NON_LITERAL_NULL_CONVERSION = YES;
				CLANG_WARN_OBJC_IMPLICIT_RETAIN_SELF = YES;
				CLANG_WARN_OBJC_LITERAL_CONVERSION = YES;
				CLANG_WARN_OBJC_ROOT_CLASS = YES_ERROR;
				CLANG_WARN_QUOTED_INCLUDE_IN_FRAMEWORK_HEADER = YES;
				CLANG_WARN_RANGE_LOOP_ANALYSIS = YES;
				CLANG_WARN_STRICT_PROTOTYPES = YES;
				CLANG_WARN_SUSPICIOUS_MOVE = YES;
				CLANG_WARN_UNGUARDED_AVAILABILITY = YES_AGGRESSIVE;
				CLANG_WARN_UNREACHABLE_CODE = YES;
				CLANG_WARN__DUPLICATE_METHOD_MATCH = YES;
				COPY_PHASE_STRIP = NO;
				DEBUG_INFORMATION_FORMAT = "dwarf-with-dsym";
				ENABLE_NS_ASSERTIONS = NO;
				ENABLE_STRICT_OBJC_MSGSEND = YES;
				ENABLE_USER_SCRIPT_SANDBOXING = YES;
				GCC_C_LANGUAGE_STANDARD = gnu17;
				GCC_NO_COMMON_BLOCKS = YES;
				GCC_WARN_64_TO_32_BIT_CONVERSION = YES;
				GCC_WARN_ABOUT_RETURN_TYPE = YES_ERROR;
				GCC_WARN_UNDECLARED_SELECTOR = YES;
				GCC_WARN_UNINITIALIZED_AUTOS = YES_AGGRESSIVE;
				GCC_WARN_UNUSED_FUNCTION = YES;
				GCC_WARN_UNUSED_VARIABLE = YES;
				IPHONEOS_DEPLOYMENT_TARGET = 16.0;
				MTL_ENABLE_DEBUG_INFO = NO;
				MTL_FAST_MATH = YES;
				SDKROOT = iphoneos;
				SWIFT_COMPILATION_MODE = wholemodule;
				VALIDATE_PRODUCT = YES;
			};
			name = Release;
		};
		111111111111111111111803 /* Debug */ = {
			isa = XCBuildConfiguration;
			buildSettings = {
				CODE_SIGN_STYLE = Automatic;
				CURRENT_PROJECT_VERSION = 1;
				DEVELOPMENT_TEAM = "";
				GENERATE_INFOPLIST_FILE = NO;
				INFOPLIST_FILE = GateLAN/Info.plist;
				IPHONEOS_DEPLOYMENT_TARGET = 16.0;
				LD_RUNPATH_SEARCH_PATHS = (
					"$(inherited)",
					"@executable_path/Frameworks",
				);
				MARKETING_VERSION = 1.0;
				PRODUCT_BUNDLE_IDENTIFIER = com.local.gatelan;
				PRODUCT_NAME = "$(TARGET_NAME)";
				SWIFT_EMIT_LOC_STRINGS = YES;
				SWIFT_VERSION = 5.0;
				TARGETED_DEVICE_FAMILY = "1,2";
			};
			name = Debug;
		};
		111111111111111111111804 /* Release */ = {
			isa = XCBuildConfiguration;
			buildSettings = {
				CODE_SIGN_STYLE = Automatic;
				CURRENT_PROJECT_VERSION = 1;
				DEVELOPMENT_TEAM = "";
				GENERATE_INFOPLIST_FILE = NO;
				INFOPLIST_FILE = GateLAN/Info.plist;
				IPHONEOS_DEPLOYMENT_TARGET = 16.0;
				LD_RUNPATH_SEARCH_PATHS = (
					"$(inherited)",
					"@executable_path/Frameworks",
				);
				MARKETING_VERSION = 1.0;
				PRODUCT_BUNDLE_IDENTIFIER = com.local.gatelan;
				PRODUCT_NAME = "$(TARGET_NAME)";
				SWIFT_EMIT_LOC_STRINGS = YES;
				SWIFT_VERSION = 5.0;
				TARGETED_DEVICE_FAMILY = "1,2";
			};
			name = Release;
		};
/* End XCBuildConfiguration section */

/* Begin XCConfigurationList section */
		111111111111111111111700 /* Build configuration list for PBXProject "GateLAN" */ = {
			isa = XCConfigurationList;
			buildConfigurations = (
				111111111111111111111801 /* Debug */,
				111111111111111111111802 /* Release */,
			);
			defaultConfigurationIsVisible = 0;
			defaultConfigurationName = Release;
		};
		111111111111111111111701 /* Build configuration list for PBXNativeTarget "GateLAN" */ = {
			isa = XCConfigurationList;
			buildConfigurations = (
				111111111111111111111803 /* Debug */,
				111111111111111111111804 /* Release */,
			);
			defaultConfigurationIsVisible = 0;
			defaultConfigurationName = Release;
		};
/* End XCConfigurationList section */
	};
	rootObject = 111111111111111111111601 /* Project object */;
}
